
Microsoft Visual Studio Solution File, Format Version 12.00
# Visual Studio 15
VisualStudioVersion = 15.0.26124.0
MinimumVisualStudioVersion = 15.0.26124.0
Project("{FAE04EC0-301F-11D3-BF4B-00C04F79EFBC}") = "ProAgil.API", "ProAgil.API\ProAgil.API.csproj", "{6931CF1D-7872-43A6-9208-920AC1EE663A}"
EndProject
Project("{FAE04EC0-301F-11D3-BF4B-00C04F79EFBC}") = "ProAgil.Repository", "ProAgil.Repository\ProAgil.Repository.csproj", "{83630314-8425-431F-98BE-156BF868BF18}"
EndProject
Project("{FAE04EC0-301F-11D3-BF4B-00C04F79EFBC}") = "ProAgil.Domain", "ProAgil.Domain\ProAgil.Domain.csproj", "{7AC237A4-F0AF-4C27-BBDC-E4336C5A3900}"
EndProject
Global
	GlobalSection(SolutionConfigurationPlatforms) = preSolution
		Debug|Any CPU = Debug|Any CPU
		Debug|x64 = Debug|x64
		Debug|x86 = Debug|x86
		Release|Any CPU = Release|Any CPU
		Release|x64 = Release|x64
		Release|x86 = Release|x86
	EndGlobalSection
	GlobalSection(SolutionProperties) = preSolution
		HideSolutionNode = FALSE
	EndGlobalSection
	GlobalSection(ProjectConfigurationPlatforms) = postSolution
		{7AC237A4-F0AF-4C27-BBDC-E4336C5A3900}.Debug|Any CPU.ActiveCfg = Debug|Any CPU
		{7AC237A4-F0AF-4C27-BBDC-E4336C5A3900}.Debug|Any CPU.Build.0 = Debug|Any CPU
		{7AC237A4-F0AF-4C27-BBDC-E4336C5A3900}.Debug|x64.ActiveCfg = Debug|Any CPU
		{7AC237A4-F0AF-4C27-BBDC-E4336C5A3900}.Debug|x64.Build.0 = Debug|Any CPU
		{7AC237A4-F0AF-4C27-BBDC-E4336C5A3900}.Debug|x86.ActiveCfg = Debug|Any CPU
		{7AC237A4-F0AF-4C27-BBDC-E4336C5A3900}.Debug|x86.Build.0 = Debug|Any CPU
		{7AC237A4-F0AF-4C27-BBDC-E4336C5A3900}.Release|Any CPU.ActiveCfg = Release|Any CPU
		{7AC237A4-F0AF-4C27-BBDC-E4336C5A3900}.Release|Any CPU.Build.0 = Release|Any CPU
		{7AC237A4-F0AF-4C27-BBDC-E4336C5A3900}.Release|x64.ActiveCfg = Release|Any CPU
		{7AC237A4-F0AF-4C27-BBDC-E4336C5A3900}.Release|x64.Build.0 = Release|Any CPU
		{7AC237A4-F0AF-4C27-BBDC-E4336C5A3900}.Release|x86.ActiveCfg = Release|Any CPU
		{7AC237A4-F0AF-4C27-BBDC-E4336C5A3900}.Release|x86.Build.0 = Release|Any CPU
		{6931CF1D-7872-43A6-9208-920AC1EE663A}.Debug|Any CPU.ActiveCfg = Debug|Any CPU
		{6931CF1D-7872-43A6-9208-920AC1EE663A}.Debug|Any CPU.Build.0 = Debug|Any CPU
		{6931CF1D-7872-43A6-9208-920AC1EE663A}.Debug|x64.ActiveCfg = Debug|Any CPU
		{6931CF1D-7872-43A6-9208-920AC1EE663A}.Debug|x64.Build.0 = Debug|Any CPU
		{6931CF1D-7872-43A6-9208-920AC1EE663A}.Debug|x86.ActiveCfg = Debug|Any CPU
		{6931CF1D-7872-43A6-9208-920AC1EE663A}.Debug|x86.Build.0 = Debug|Any CPU
		{6931CF1D-7872-43A6-9208-920AC1EE663A}.Release|Any CPU.ActiveCfg = Release|Any CPU
		{6931CF1D-7872-43A6-9208-920AC1EE663A}.Release|Any CPU.Build.0 = Release|Any CPU
		{6931CF1D-7872-43A6-9208-920AC1EE663A}.Release|x64.ActiveCfg = Release|Any CPU
		{6931CF1D-7872-43A6-9208-920AC1EE663A}.Release|x64.Build.0 = Release|Any CPU
		{6931CF1D-7872-43A6-9208-920AC1EE663A}.Release|x86.ActiveCfg = Release|Any CPU
		{6931CF1D-7872-43A6-9208-920AC1EE663A}.Release|x86.Build.0 = Release|Any CPU
		{83630314-8425-431F-98BE-156BF868BF18}.Debug|Any CPU.ActiveCfg = Debug|Any CPU
		{83630314-8425-431F-98BE-156BF868BF18}.Debug|Any CPU.Build.0 = Debug|Any CPU
		{83630314-8425-431F-98BE-156BF868BF18}.Debug|x64.ActiveCfg = Debug|Any CPU
		{83630314-8425-431F-98BE-156BF868BF18}.Debug|x64.Build.0 = Debug|Any CPU
		{83630314-8425-431F-98BE-156BF868BF18}.Debug|x86.ActiveCfg = Debug|Any CPU
		{83630314-8425-431F-98BE-156BF868BF18}.Debug|x86.Build.0 = Debug|Any CPU
		{83630314-8425-431F-98BE-156BF868BF18}.Release|Any CPU.ActiveCfg = Release|Any CPU
		{83630314-8425-431F-98BE-156BF868BF18}.Release|Any CPU.Build.0 = Release|Any CPU
		{83630314-8425-431F-98BE-156BF868BF18}.Release|x64.ActiveCfg = Release|Any CPU
		{83630314-8425-431F-98BE-156BF868BF18}.Release|x64.Build.0 = Release|Any CPU
		{83630314-8425-431F-98BE-156BF868BF18}.Release|x86.ActiveCfg = Release|Any CPU
		{83630314-8425-431F-98BE-156BF868BF18}.Release|x86.Build.0 = Release|Any CPU
	EndGlobalSection
EndGlobal
